
Microsoft Visual Studio Solution File, Format Version 12.00
# Visual Studio Version 17
VisualStudioVersion = 17.4.33205.214
MinimumVisualStudioVersion = 10.0.40219.1
Project("{FAE04EC0-301F-11D3-BF4B-00C04F79EFBC}") = "InfinityAmmo", "InfinityAmmo\InfinityAmmo.csproj", "{2754B44D-CF8D-41F8-A03A-35E39EF1F247}"
EndProject
Global
	GlobalSection(SolutionConfigurationPlatforms) = preSolution
		Debug|Any CPU = Debug|Any CPU
		Release|Any CPU = Release|Any CPU
	EndGlobalSection
	GlobalSection(ProjectConfigurationPlatforms) = postSolution
		{2754B44D-CF8D-41F8-A03A-35E39EF1F247}.Debug|Any CPU.ActiveCfg = Debug|Any CPU
		{2754B44D-CF8D-41F8-A03A-35E39EF1F247}.Debug|Any CPU.Build.0 = Debug|Any CPU
		{2754B44D-CF8D-41F8-A03A-35E39EF1F247}.Release|Any CPU.ActiveCfg = Release|Any CPU
		{2754B44D-CF8D-41F8-A03A-35E39EF1F247}.Release|Any CPU.Build.0 = Release|Any CPU
	EndGlobalSection
	GlobalSection(SolutionProperties) = preSolution
		HideSolutionNode = FALSE
	EndGlobalSection
	GlobalSection(ExtensibilityGlobals) = postSolution
		SolutionGuid = {A42D6DAE-BD0E-4640-8CC0-F7F88F107EB9}
	EndGlobalSection
EndGlobal
